
Microsoft Visual Studio Solution File, Format Version 12.00
# Visual Studio 15
VisualStudioVersion = 15.0.28010.2019
MinimumVisualStudioVersion = 10.0.40219.1
Project("{8BC9CEB8-8B4A-11D0-8D11-00A0C91BC942}") = "HelloWold", "HelloWold\HelloWold.vcxproj", "{318EF428-5499-4D4E-9700-547AA7608F69}"
EndProject
Global
	GlobalSection(SolutionConfigurationPlatforms) = preSolution
		Debug|x64 = Debug|x64
		Debug|x86 = Debug|x86
		Release|x64 = Release|x64
		Release|x86 = Release|x86
	EndGlobalSection
	GlobalSection(ProjectConfigurationPlatforms) = postSolution
		{318EF428-5499-4D4E-9700-547AA7608F69}.Debug|x64.ActiveCfg = Debug|x64
		{318EF428-5499-4D4E-9700-547AA7608F69}.Debug|x64.Build.0 = Debug|x64
		{318EF428-5499-4D4E-9700-547AA7608F69}.Debug|x86.ActiveCfg = Debug|Win32
		{318EF428-5499-4D4E-9700-547AA7608F69}.Debug|x86.Build.0 = Debug|Win32
		{318EF428-5499-4D4E-9700-547AA7608F69}.Release|x64.ActiveCfg = Release|x64
		{318EF428-5499-4D4E-9700-547AA7608F69}.Release|x64.Build.0 = Release|x64
		{318EF428-5499-4D4E-9700-547AA7608F69}.Release|x86.ActiveCfg = Release|Win32
		{318EF428-5499-4D4E-9700-547AA7608F69}.Release|x86.Build.0 = Release|Win32
	EndGlobalSection
	GlobalSection(SolutionProperties) = preSolution
		HideSolutionNode = FALSE
	EndGlobalSection
	GlobalSection(ExtensibilityGlobals) = postSolution
		SolutionGuid = {3FCA2246-F453-40E3-91A9-734EBD037B77}
	EndGlobalSection
EndGlobal
